{
  "name": "model",
  "lockfileVersion": 3,
  "requires": true,
  "packages": {
    "": {
      "dependencies": {
        "@tensorflow/tfjs-converter": "^4.22.0"
      }
    },
    "node_modules/@tensorflow/tfjs-converter": {
      "version": "4.22.0",
      "resolved": "https://registry.npmjs.org/@tensorflow/tfjs-converter/-/tfjs-converter-4.22.0.tgz",
      "integrity": "sha512-PT43MGlnzIo+YfbsjM79Lxk9lOq6uUwZuCc8rrp0hfpLjF6Jv8jS84u2jFb+WpUeuF4K33ZDNx8CjiYrGQ2trQ==",
      "license": "Apache-2.0",
      "peerDependencies": {
        "@tensorflow/tfjs-core": "4.22.0"
      }
    }
  }
}
